{
  "lib/artcoins": {
    "rev": "2489f50724122ef64d1557c984a35e60e67f0449"
  },
  "lib/forge-std": {
    "tag": {
      "name": "v1.10.0",
      "rev": "8bbcf6e3f8f62f419e5429a0bd89331c85c37824"
    }
  },
  "lib/solady": {
    "tag": {
      "name": "v0.1.26",
      "rev": "acd959aa4bd04720d640bf4e6a5c71037510cc4b"
    }
  },
  "lib/v4-core": {
    "tag": {
      "name": "v4.0.0",
      "rev": "e50237c43811bd9b526eff40f26772152a42daba"
    }
  },
  "lib/v4-periphery": {
    "rev": "9dafaaecc1e2e1e824eda9d941085f96517d827b"
  }
}